symfony v2.0.16
twig v1.8.2
monolog 1.0.2
doctrine-common 2.1.4
doctrine-dbal 2.1.7
doctrine 2.1.7
swiftmailer v4.1.7
assetic v1.0.3
twig-extensions feb6d3f10c411e2631997c0a905aa581c80305c1
metadata 1.0.0
SensioFrameworkExtraBundle 85911039aca2ef39805640d9238c7157d8c30d2e
JMSSecurityExtraBundle e752f888c51425f71382c056961f10f2be642102
SensioDistributionBundle 41a6c5caed65f02bb09c95a90579f047616471fd
SensioGeneratorBundle c0118ce370f8da20e43051f2dd1ae331a202ab9c
AsseticBundle v1.0.1
Mockery 6da54b5720930566b9ccce4d9be8554fd31d7c52
PagerFanta 486a9b809fa7660787fb3b97dffcc26d30de6356
PagerFantaBundle 40209ef994fa2f342660d96bf6bea3f88171cd2d
AnchovyCURLBundle 961c9551a40205d44f3ad79674f85689b8fa3df8
